
Microsoft Visual Studio Solution File, Format Version 12.00
# Visual Studio Version 17
VisualStudioVersion = 17.5.002.0
MinimumVisualStudioVersion = 10.0.40219.1
Project("{9A19103F-16F7-4668-BE54-9A1E7A4F7556}") = "NumberGuess", "NumberGuess.csproj", "{578E741F-5A55-4CFB-BF94-4377B1B7C9F4}"
EndProject
Global
	GlobalSection(SolutionConfigurationPlatforms) = preSolution
		Debug|Any CPU = Debug|Any CPU
		Release|Any CPU = Release|Any CPU
	EndGlobalSection
	GlobalSection(ProjectConfigurationPlatforms) = postSolution
		{578E741F-5A55-4CFB-BF94-4377B1B7C9F4}.Debug|Any CPU.ActiveCfg = Debug|Any CPU
		{578E741F-5A55-4CFB-BF94-4377B1B7C9F4}.Debug|Any CPU.Build.0 = Debug|Any CPU
		{578E741F-5A55-4CFB-BF94-4377B1B7C9F4}.Release|Any CPU.ActiveCfg = Release|Any CPU
		{578E741F-5A55-4CFB-BF94-4377B1B7C9F4}.Release|Any CPU.Build.0 = Release|Any CPU
	EndGlobalSection
	GlobalSection(SolutionProperties) = preSolution
		HideSolutionNode = FALSE
	EndGlobalSection
	GlobalSection(ExtensibilityGlobals) = postSolution
		SolutionGuid = {1336D7F3-D964-409C-80EC-674B89D6968F}
	EndGlobalSection
EndGlobal
